
Microsoft Visual Studio Solution File, Format Version 12.00
# Visual Studio 15
Project("{FAE04EC0-301F-11D3-BF4B-00C04F79EFBC}") = "AverageBaccalaureate.Android", "AverageBaccalaureate.Android\AverageBaccalaureate.Android.csproj", "{4C0A0473-3735-487D-862C-DE9ADEA0DC99}"
EndProject
Project("{FAE04EC0-301F-11D3-BF4B-00C04F79EFBC}") = "AverageBaccalaureate.iOS", "AverageBaccalaureate.iOS\AverageBaccalaureate.iOS.csproj", "{CA76081D-19AA-418D-967C-7AE7E3DC60E3}"
EndProject
Project("{FAE04EC0-301F-11D3-BF4B-00C04F79EFBC}") = "AverageBaccalaureate", "AverageBaccalaureate\AverageBaccalaureate.csproj", "{7BBB4F32-11FC-4188-B5C7-2B1B84FF5D71}"
EndProject
Global
	GlobalSection(SolutionConfigurationPlatforms) = preSolution
		Debug|Any CPU = Debug|Any CPU
		Release|Any CPU = Release|Any CPU
		Debug|iPhoneSimulator = Debug|iPhoneSimulator
		Release|iPhoneSimulator = Release|iPhoneSimulator
		Debug|iPhone = Debug|iPhone
		Release|iPhone = Release|iPhone
	EndGlobalSection
	GlobalSection(ProjectConfigurationPlatforms) = postSolution
		{4C0A0473-3735-487D-862C-DE9ADEA0DC99}.Debug|Any CPU.ActiveCfg = Debug|Any CPU
		{4C0A0473-3735-487D-862C-DE9ADEA0DC99}.Debug|Any CPU.Build.0 = Debug|Any CPU
		{4C0A0473-3735-487D-862C-DE9ADEA0DC99}.Release|Any CPU.ActiveCfg = Release|Any CPU
		{4C0A0473-3735-487D-862C-DE9ADEA0DC99}.Release|Any CPU.Build.0 = Release|Any CPU
		{4C0A0473-3735-487D-862C-DE9ADEA0DC99}.Debug|iPhoneSimulator.ActiveCfg = Debug|Any CPU
		{4C0A0473-3735-487D-862C-DE9ADEA0DC99}.Debug|iPhoneSimulator.Build.0 = Debug|Any CPU
		{4C0A0473-3735-487D-862C-DE9ADEA0DC99}.Release|iPhoneSimulator.ActiveCfg = Release|Any CPU
		{4C0A0473-3735-487D-862C-DE9ADEA0DC99}.Release|iPhoneSimulator.Build.0 = Release|Any CPU
		{4C0A0473-3735-487D-862C-DE9ADEA0DC99}.Debug|iPhone.ActiveCfg = Debug|Any CPU
		{4C0A0473-3735-487D-862C-DE9ADEA0DC99}.Debug|iPhone.Build.0 = Debug|Any CPU
		{4C0A0473-3735-487D-862C-DE9ADEA0DC99}.Release|iPhone.ActiveCfg = Release|Any CPU
		{4C0A0473-3735-487D-862C-DE9ADEA0DC99}.Release|iPhone.Build.0 = Release|Any CPU
		{CA76081D-19AA-418D-967C-7AE7E3DC60E3}.Debug|Any CPU.ActiveCfg = Debug|iPhoneSimulator
		{CA76081D-19AA-418D-967C-7AE7E3DC60E3}.Debug|Any CPU.Build.0 = Debug|iPhoneSimulator
		{CA76081D-19AA-418D-967C-7AE7E3DC60E3}.Release|Any CPU.ActiveCfg = Release|iPhoneSimulator
		{CA76081D-19AA-418D-967C-7AE7E3DC60E3}.Release|Any CPU.Build.0 = Release|iPhoneSimulator
		{CA76081D-19AA-418D-967C-7AE7E3DC60E3}.Debug|iPhoneSimulator.ActiveCfg = Debug|iPhoneSimulator
		{CA76081D-19AA-418D-967C-7AE7E3DC60E3}.Debug|iPhoneSimulator.Build.0 = Debug|iPhoneSimulator
		{CA76081D-19AA-418D-967C-7AE7E3DC60E3}.Release|iPhoneSimulator.ActiveCfg = Release|iPhoneSimulator
		{CA76081D-19AA-418D-967C-7AE7E3DC60E3}.Release|iPhoneSimulator.Build.0 = Release|iPhoneSimulator
		{CA76081D-19AA-418D-967C-7AE7E3DC60E3}.Debug|iPhone.ActiveCfg = Debug|iPhone
		{CA76081D-19AA-418D-967C-7AE7E3DC60E3}.Debug|iPhone.Build.0 = Debug|iPhone
		{CA76081D-19AA-418D-967C-7AE7E3DC60E3}.Release|iPhone.ActiveCfg = Release|iPhone
		{CA76081D-19AA-418D-967C-7AE7E3DC60E3}.Release|iPhone.Build.0 = Release|iPhone
		{7BBB4F32-11FC-4188-B5C7-2B1B84FF5D71}.Debug|Any CPU.ActiveCfg = Debug|Any CPU
		{7BBB4F32-11FC-4188-B5C7-2B1B84FF5D71}.Debug|Any CPU.Build.0 = Debug|Any CPU
		{7BBB4F32-11FC-4188-B5C7-2B1B84FF5D71}.Release|Any CPU.ActiveCfg = Release|Any CPU
		{7BBB4F32-11FC-4188-B5C7-2B1B84FF5D71}.Release|Any CPU.Build.0 = Release|Any CPU
		{7BBB4F32-11FC-4188-B5C7-2B1B84FF5D71}.Debug|iPhoneSimulator.ActiveCfg = Debug|Any CPU
		{7BBB4F32-11FC-4188-B5C7-2B1B84FF5D71}.Debug|iPhoneSimulator.Build.0 = Debug|Any CPU
		{7BBB4F32-11FC-4188-B5C7-2B1B84FF5D71}.Release|iPhoneSimulator.ActiveCfg = Release|Any CPU
		{7BBB4F32-11FC-4188-B5C7-2B1B84FF5D71}.Release|iPhoneSimulator.Build.0 = Release|Any CPU
		{7BBB4F32-11FC-4188-B5C7-2B1B84FF5D71}.Debug|iPhone.ActiveCfg = Debug|Any CPU
		{7BBB4F32-11FC-4188-B5C7-2B1B84FF5D71}.Debug|iPhone.Build.0 = Debug|Any CPU
		{7BBB4F32-11FC-4188-B5C7-2B1B84FF5D71}.Release|iPhone.ActiveCfg = Release|Any CPU
		{7BBB4F32-11FC-4188-B5C7-2B1B84FF5D71}.Release|iPhone.Build.0 = Release|Any CPU
	EndGlobalSection
EndGlobal
